// !$*UTF8*$!
{
	archiveVersion = 1;
	classes = {
	};
	objectVersion = 55;
	objects = {

/* Begin PBXBuildFile section */
		E123F06B28909DF1009C0F4D /* AbastecimentoController.swift in Sources */ = {isa = PBXBuildFile; fileRef = E123F06A28909DF1009C0F4D /* AbastecimentoController.swift */; };
		E123F06D2890AA75009C0F4D /* ImageLabelRow.swift in Sources */ = {isa = PBXBuildFile; fileRef = E123F06C2890AA75009C0F4D /* ImageLabelRow.swift */; };
		E123F06F2890AB8C009C0F4D /* MenuInicial.swift in Sources */ = {isa = PBXBuildFile; fileRef = E123F06E2890AB8C009C0F4D /* MenuInicial.swift */; };
		E151C26F28862C3300F03BE7 /* ConfiguracaoView.swift in Sources */ = {isa = PBXBuildFile; fileRef = E151C26E28862C3300F03BE7 /* ConfiguracaoView.swift */; };
		E151C271288778E700F03BE7 /* MenuRow.swift in Sources */ = {isa = PBXBuildFile; fileRef = E151C270288778E700F03BE7 /* MenuRow.swift */; };
		E151C2732888B03400F03BE7 /* AbastecimentoListaView.swift in Sources */ = {isa = PBXBuildFile; fileRef = E151C2722888B03400F03BE7 /* AbastecimentoListaView.swift */; };
		E151C2782888C6C500F03BE7 /* Abastecimento.xcdatamodeld in Sources */ = {isa = PBXBuildFile; fileRef = E151C2762888C6C500F03BE7 /* Abastecimento.xcdatamodeld */; };
		E151C27B2888C92200F03BE7 /* Abastecimento+CoreDataClass.swift in Sources */ = {isa = PBXBuildFile; fileRef = E151C2792888C92200F03BE7 /* Abastecimento+CoreDataClass.swift */; };
		E151C29D2888D05800F03BE7 /* Persistence.swift in Sources */ = {isa = PBXBuildFile; fileRef = E151C29C2888D05800F03BE7 /* Persistence.swift */; };
		E172B3C7287CF28D00C2D4A3 /* NavigationStack in Frameworks */ = {isa = PBXBuildFile; productRef = E172B3C6287CF28D00C2D4A3 /* NavigationStack */; };
		E17CB7C32880EA98004BEE9E /* AlertasView.swift in Sources */ = {isa = PBXBuildFile; fileRef = E17CB7C22880EA97004BEE9E /* AlertasView.swift */; };
		E17CB7C52880EAA7004BEE9E /* RelatoriosView.swift in Sources */ = {isa = PBXBuildFile; fileRef = E17CB7C42880EAA7004BEE9E /* RelatoriosView.swift */; };
		E17CB7C72880EAC0004BEE9E /* ServicosView.swift in Sources */ = {isa = PBXBuildFile; fileRef = E17CB7C62880EAC0004BEE9E /* ServicosView.swift */; };
		E17CB7C928822F62004BEE9E /* HeaderView.swift in Sources */ = {isa = PBXBuildFile; fileRef = E17CB7C828822F62004BEE9E /* HeaderView.swift */; };
		E1801401287E42DE0021AE2A /* FormValidator in Frameworks */ = {isa = PBXBuildFile; productRef = E1801400287E42DE0021AE2A /* FormValidator */; };
		E185BDD32883133A00352EEC /* FormValidator in Frameworks */ = {isa = PBXBuildFile; productRef = E185BDD22883133A00352EEC /* FormValidator */; };
		E1ACCB30286D17F60007DDC5 /* projetoCarroApp.swift in Sources */ = {isa = PBXBuildFile; fileRef = E1ACCB2F286D17F60007DDC5 /* projetoCarroApp.swift */; };
		E1ACCB32286D17F60007DDC5 /* ContentView.swift in Sources */ = {isa = PBXBuildFile; fileRef = E1ACCB31286D17F60007DDC5 /* ContentView.swift */; };
		E1ACCB34286D17FB0007DDC5 /* Assets.xcassets in Resources */ = {isa = PBXBuildFile; fileRef = E1ACCB33286D17FB0007DDC5 /* Assets.xcassets */; };
		E1ACCB37286D17FB0007DDC5 /* Preview Assets.xcassets in Resources */ = {isa = PBXBuildFile; fileRef = E1ACCB36286D17FB0007DDC5 /* Preview Assets.xcassets */; };
		E1ACCB40286D19CB0007DDC5 /* Abastecimento.swift in Sources */ = {isa = PBXBuildFile; fileRef = E1ACCB3F286D19CB0007DDC5 /* Abastecimento.swift */; };
		E1ACCB46286D24790007DDC5 /* MenuScreen.swift in Sources */ = {isa = PBXBuildFile; fileRef = E1ACCB45286D24790007DDC5 /* MenuScreen.swift */; };
		E1ACCB48286D25E10007DDC5 /* AbastecimentoView.swift in Sources */ = {isa = PBXBuildFile; fileRef = E1ACCB47286D25E10007DDC5 /* AbastecimentoView.swift */; };
		E1BA64F7288C2B6C00C0FFF4 /* DataController.swift in Sources */ = {isa = PBXBuildFile; fileRef = E1BA64F6288C2B6C00C0FFF4 /* DataController.swift */; };
		E1E71F5B2875106800BF5D26 /* Enums.swift in Sources */ = {isa = PBXBuildFile; fileRef = E1E71F5A2875106800BF5D26 /* Enums.swift */; };
		E1E71F5D2875107B00BF5D26 /* Extension.swift in Sources */ = {isa = PBXBuildFile; fileRef = E1E71F5C2875107B00BF5D26 /* Extension.swift */; };
/* End PBXBuildFile section */

/* Begin PBXFileReference section */
		E123F06A28909DF1009C0F4D /* AbastecimentoController.swift */ = {isa = PBXFileReference; lastKnownFileType = sourcecode.swift; path = AbastecimentoController.swift; sourceTree = "<group>"; };
		E123F06C2890AA75009C0F4D /* ImageLabelRow.swift */ = {isa = PBXFileReference; lastKnownFileType = sourcecode.swift; path = ImageLabelRow.swift; sourceTree = "<group>"; };
		E123F06E2890AB8C009C0F4D /* MenuInicial.swift */ = {isa = PBXFileReference; lastKnownFileType = sourcecode.swift; path = MenuInicial.swift; sourceTree = "<group>"; };
		E151C26E28862C3300F03BE7 /* ConfiguracaoView.swift */ = {isa = PBXFileReference; lastKnownFileType = sourcecode.swift; path = ConfiguracaoView.swift; sourceTree = "<group>"; };
		E151C270288778E700F03BE7 /* MenuRow.swift */ = {isa = PBXFileReference; lastKnownFileType = sourcecode.swift; path = MenuRow.swift; sourceTree = "<group>"; };
		E151C2722888B03400F03BE7 /* AbastecimentoListaView.swift */ = {isa = PBXFileReference; lastKnownFileType = sourcecode.swift; path = AbastecimentoListaView.swift; sourceTree = "<group>"; };
		E151C2772888C6C500F03BE7 /* Abastecimento.xcdatamodel */ = {isa = PBXFileReference; lastKnownFileType = wrapper.xcdatamodel; path = Abastecimento.xcdatamodel; sourceTree = "<group>"; };
		E151C2792888C92200F03BE7 /* Abastecimento+CoreDataClass.swift */ = {isa = PBXFileReference; lastKnownFileType = sourcecode.swift; path = "Abastecimento+CoreDataClass.swift"; sourceTree = "<group>"; };
		E151C29C2888D05800F03BE7 /* Persistence.swift */ = {isa = PBXFileReference; lastKnownFileType = sourcecode.swift; path = Persistence.swift; sourceTree = "<group>"; };
		E17CB7C22880EA97004BEE9E /* AlertasView.swift */ = {isa = PBXFileReference; lastKnownFileType = sourcecode.swift; path = AlertasView.swift; sourceTree = "<group>"; };
		E17CB7C42880EAA7004BEE9E /* RelatoriosView.swift */ = {isa = PBXFileReference; lastKnownFileType = sourcecode.swift; path = RelatoriosView.swift; sourceTree = "<group>"; };
		E17CB7C62880EAC0004BEE9E /* ServicosView.swift */ = {isa = PBXFileReference; lastKnownFileType = sourcecode.swift; path = ServicosView.swift; sourceTree = "<group>"; };
		E17CB7C828822F62004BEE9E /* HeaderView.swift */ = {isa = PBXFileReference; lastKnownFileType = sourcecode.swift; path = HeaderView.swift; sourceTree = "<group>"; };
		E1ACCB2C286D17F60007DDC5 /* projetoCarro.app */ = {isa = PBXFileReference; explicitFileType = wrapper.application; includeInIndex = 0; path = projetoCarro.app; sourceTree = BUILT_PRODUCTS_DIR; };
		E1ACCB2F286D17F60007DDC5 /* projetoCarroApp.swift */ = {isa = PBXFileReference; lastKnownFileType = sourcecode.swift; path = projetoCarroApp.swift; sourceTree = "<group>"; };
		E1ACCB31286D17F60007DDC5 /* ContentView.swift */ = {isa = PBXFileReference; lastKnownFileType = sourcecode.swift; path = ContentView.swift; sourceTree = "<group>"; };
		E1ACCB33286D17FB0007DDC5 /* Assets.xcassets */ = {isa = PBXFileReference; lastKnownFileType = folder.assetcatalog; path = Assets.xcassets; sourceTree = "<group>"; };
		E1ACCB36286D17FB0007DDC5 /* Preview Assets.xcassets */ = {isa = PBXFileReference; lastKnownFileType = folder.assetcatalog; path = "Preview Assets.xcassets"; sourceTree = "<group>"; };
		E1ACCB3F286D19CB0007DDC5 /* Abastecimento.swift */ = {isa = PBXFileReference; lastKnownFileType = sourcecode.swift; path = Abastecimento.swift; sourceTree = "<group>"; };
		E1ACCB45286D24790007DDC5 /* MenuScreen.swift */ = {isa = PBXFileReference; lastKnownFileType = sourcecode.swift; path = MenuScreen.swift; sourceTree = "<group>"; };
		E1ACCB47286D25E10007DDC5 /* AbastecimentoView.swift */ = {isa = PBXFileReference; lastKnownFileType = sourcecode.swift; path = AbastecimentoView.swift; sourceTree = "<group>"; };
		E1BA64F6288C2B6C00C0FFF4 /* DataController.swift */ = {isa = PBXFileReference; lastKnownFileType = sourcecode.swift; path = DataController.swift; sourceTree = "<group>"; };
		E1E71F5A2875106800BF5D26 /* Enums.swift */ = {isa = PBXFileReference; lastKnownFileType = sourcecode.swift; path = Enums.swift; sourceTree = "<group>"; };
		E1E71F5C2875107B00BF5D26 /* Extension.swift */ = {isa = PBXFileReference; lastKnownFileType = sourcecode.swift; path = Extension.swift; sourceTree = "<group>"; };
/* End PBXFileReference section */

/* Begin PBXFrameworksBuildPhase section */
		E1ACCB29286D17F60007DDC5 /* Frameworks */ = {
			isa = PBXFrameworksBuildPhase;
			buildActionMask = 2147483647;
			files = (
				E185BDD32883133A00352EEC /* FormValidator in Frameworks */,
				E172B3C7287CF28D00C2D4A3 /* NavigationStack in Frameworks */,
				E1801401287E42DE0021AE2A /* FormValidator in Frameworks */,
			);
			runOnlyForDeploymentPostprocessing = 0;
		};
/* End PBXFrameworksBuildPhase section */

/* Begin PBXGroup section */
		E1ACCB23286D17F60007DDC5 = {
			isa = PBXGroup;
			children = (
				E151C2792888C92200F03BE7 /* Abastecimento+CoreDataClass.swift */,
				E1ACCB2E286D17F60007DDC5 /* projetoCarro */,
				E1ACCB2D286D17F60007DDC5 /* Products */,
			);
			sourceTree = "<group>";
		};
		E1ACCB2D286D17F60007DDC5 /* Products */ = {
			isa = PBXGroup;
			children = (
				E1ACCB2C286D17F60007DDC5 /* projetoCarro.app */,
			);
			name = Products;
			sourceTree = "<group>";
		};
		E1ACCB2E286D17F60007DDC5 /* projetoCarro */ = {
			isa = PBXGroup;
			children = (
				E1E71F5728750A1E00BF5D26 /* Base */,
				E1ACCB3D286D19AD0007DDC5 /* Features */,
				E1ACCB2F286D17F60007DDC5 /* projetoCarroApp.swift */,
				E1ACCB31286D17F60007DDC5 /* ContentView.swift */,
				E1ACCB33286D17FB0007DDC5 /* Assets.xcassets */,
				E1ACCB35286D17FB0007DDC5 /* Preview Content */,
				E151C2762888C6C500F03BE7 /* Abastecimento.xcdatamodeld */,
				E151C29C2888D05800F03BE7 /* Persistence.swift */,
			);
			path = projetoCarro;
			sourceTree = "<group>";
		};
		E1ACCB35286D17FB0007DDC5 /* Preview Content */ = {
			isa = PBXGroup;
			children = (
				E1ACCB36286D17FB0007DDC5 /* Preview Assets.xcassets */,
			);
			path = "Preview Content";
			sourceTree = "<group>";
		};
		E1ACCB3D286D19AD0007DDC5 /* Features */ = {
			isa = PBXGroup;
			children = (
				E1ACCB43286D23AF0007DDC5 /* Screen */,
				E1ACCB44286D23BF0007DDC5 /* Service */,
				E1ACCB42286D23A10007DDC5 /* ViewModel */,
				E1ACCB41286D23970007DDC5 /* View */,
				E1ACCB3E286D19B70007DDC5 /* Model */,
			);
			path = Features;
			sourceTree = "<group>";
		};
		E1ACCB3E286D19B70007DDC5 /* Model */ = {
			isa = PBXGroup;
			children = (
				E1ACCB3F286D19CB0007DDC5 /* Abastecimento.swift */,
				E123F06E2890AB8C009C0F4D /* MenuInicial.swift */,
			);
			path = Model;
			sourceTree = "<group>";
		};
		E1ACCB41286D23970007DDC5 /* View */ = {
			isa = PBXGroup;
			children = (
				E1ACCB47286D25E10007DDC5 /* AbastecimentoView.swift */,
				E17CB7C22880EA97004BEE9E /* AlertasView.swift */,
				E17CB7C42880EAA7004BEE9E /* RelatoriosView.swift */,
				E17CB7C62880EAC0004BEE9E /* ServicosView.swift */,
				E17CB7C828822F62004BEE9E /* HeaderView.swift */,
				E151C26E28862C3300F03BE7 /* ConfiguracaoView.swift */,
				E151C270288778E700F03BE7 /* MenuRow.swift */,
				E151C2722888B03400F03BE7 /* AbastecimentoListaView.swift */,
				E123F06C2890AA75009C0F4D /* ImageLabelRow.swift */,
			);
			path = View;
			sourceTree = "<group>";
		};
		E1ACCB42286D23A10007DDC5 /* ViewModel */ = {
			isa = PBXGroup;
			children = (
			);
			path = ViewModel;
			sourceTree = "<group>";
		};
		E1ACCB43286D23AF0007DDC5 /* Screen */ = {
			isa = PBXGroup;
			children = (
				E1ACCB45286D24790007DDC5 /* MenuScreen.swift */,
				E123F06A28909DF1009C0F4D /* AbastecimentoController.swift */,
			);
			path = Screen;
			sourceTree = "<group>";
		};
		E1ACCB44286D23BF0007DDC5 /* Service */ = {
			isa = PBXGroup;
			children = (
				E1BA64F6288C2B6C00C0FFF4 /* DataController.swift */,
			);
			path = Service;
			sourceTree = "<group>";
		};
		E1E71F5728750A1E00BF5D26 /* Base */ = {
			isa = PBXGroup;
			children = (
				E1E71F5928750A3500BF5D26 /* Enum */,
				E1E71F5828750A2A00BF5D26 /* Extension */,
			);
			path = Base;
			sourceTree = "<group>";
		};
		E1E71F5828750A2A00BF5D26 /* Extension */ = {
			isa = PBXGroup;
			children = (
				E1E71F5C2875107B00BF5D26 /* Extension.swift */,
			);
			path = Extension;
			sourceTree = "<group>";
		};
		E1E71F5928750A3500BF5D26 /* Enum */ = {
			isa = PBXGroup;
			children = (
				E1E71F5A2875106800BF5D26 /* Enums.swift */,
			);
			path = Enum;
			sourceTree = "<group>";
		};
/* End PBXGroup section */

/* Begin PBXNativeTarget section */
		E1ACCB2B286D17F60007DDC5 /* projetoCarro */ = {
			isa = PBXNativeTarget;
			buildConfigurationList = E1ACCB3A286D17FB0007DDC5 /* Build configuration list for PBXNativeTarget "projetoCarro" */;
			buildPhases = (
				E1ACCB28286D17F60007DDC5 /* Sources */,
				E1ACCB29286D17F60007DDC5 /* Frameworks */,
				E1ACCB2A286D17F60007DDC5 /* Resources */,
			);
			buildRules = (
			);
			dependencies = (
			);
			name = projetoCarro;
			packageProductDependencies = (
				E172B3C6287CF28D00C2D4A3 /* NavigationStack */,
				E1801400287E42DE0021AE2A /* FormValidator */,
				E185BDD22883133A00352EEC /* FormValidator */,
			);
			productName = projetoCarro;
			productReference = E1ACCB2C286D17F60007DDC5 /* projetoCarro.app */;
			productType = "com.apple.product-type.application";
		};
/* End PBXNativeTarget section */

/* Begin PBXProject section */
		E1ACCB24286D17F60007DDC5 /* Project object */ = {
			isa = PBXProject;
			attributes = {
				BuildIndependentTargetsInParallel = 1;
				LastSwiftUpdateCheck = 1340;
				LastUpgradeCheck = 1340;
				TargetAttributes = {
					E1ACCB2B286D17F60007DDC5 = {
						CreatedOnToolsVersion = 13.4.1;
					};
				};
			};
			buildConfigurationList = E1ACCB27286D17F60007DDC5 /* Build configuration list for PBXProject "projetoCarro" */;
			compatibilityVersion = "Xcode 13.0";
			developmentRegion = en;
			hasScannedForEncodings = 0;
			knownRegions = (
				en,
				Base,
			);
			mainGroup = E1ACCB23286D17F60007DDC5;
			packageReferences = (
				E172B3C5287CF28D00C2D4A3 /* XCRemoteSwiftPackageReference "swiftui-navigation-stack" */,
				E18013FF287E42DE0021AE2A /* XCRemoteSwiftPackageReference "SwiftUIFormValidator" */,
				E185BDD12883133A00352EEC /* XCRemoteSwiftPackageReference "SwiftUIFormValidator" */,
			);
			productRefGroup = E1ACCB2D286D17F60007DDC5 /* Products */;
			projectDirPath = "";
			projectRoot = "";
			targets = (
				E1ACCB2B286D17F60007DDC5 /* projetoCarro */,
			);
		};
/* End PBXProject section */

/* Begin PBXResourcesBuildPhase section */
		E1ACCB2A286D17F60007DDC5 /* Resources */ = {
			isa = PBXResourcesBuildPhase;
			buildActionMask = 2147483647;
			files = (
				E1ACCB37286D17FB0007DDC5 /* Preview Assets.xcassets in Resources */,
				E1ACCB34286D17FB0007DDC5 /* Assets.xcassets in Resources */,
			);
			runOnlyForDeploymentPostprocessing = 0;
		};
/* End PBXResourcesBuildPhase section */

/* Begin PBXSourcesBuildPhase section */
		E1ACCB28286D17F60007DDC5 /* Sources */ = {
			isa = PBXSourcesBuildPhase;
			buildActionMask = 2147483647;
			files = (
				E123F06F2890AB8C009C0F4D /* MenuInicial.swift in Sources */,
				E1ACCB48286D25E10007DDC5 /* AbastecimentoView.swift in Sources */,
				E151C2782888C6C500F03BE7 /* Abastecimento.xcdatamodeld in Sources */,
				E1ACCB46286D24790007DDC5 /* MenuScreen.swift in Sources */,
				E1E71F5D2875107B00BF5D26 /* Extension.swift in Sources */,
				E1ACCB32286D17F60007DDC5 /* ContentView.swift in Sources */,
				E17CB7C32880EA98004BEE9E /* AlertasView.swift in Sources */,
				E1ACCB30286D17F60007DDC5 /* projetoCarroApp.swift in Sources */,
				E151C271288778E700F03BE7 /* MenuRow.swift in Sources */,
				E151C29D2888D05800F03BE7 /* Persistence.swift in Sources */,
				E1BA64F7288C2B6C00C0FFF4 /* DataController.swift in Sources */,
				E17CB7C928822F62004BEE9E /* HeaderView.swift in Sources */,
				E151C2732888B03400F03BE7 /* AbastecimentoListaView.swift in Sources */,
				E17CB7C72880EAC0004BEE9E /* ServicosView.swift in Sources */,
				E1E71F5B2875106800BF5D26 /* Enums.swift in Sources */,
				E123F06B28909DF1009C0F4D /* AbastecimentoController.swift in Sources */,
				E151C26F28862C3300F03BE7 /* ConfiguracaoView.swift in Sources */,
				E151C27B2888C92200F03BE7 /* Abastecimento+CoreDataClass.swift in Sources */,
				E1ACCB40286D19CB0007DDC5 /* Abastecimento.swift in Sources */,
				E123F06D2890AA75009C0F4D /* ImageLabelRow.swift in Sources */,
				E17CB7C52880EAA7004BEE9E /* RelatoriosView.swift in Sources */,
			);
			runOnlyForDeploymentPostprocessing = 0;
		};
/* End PBXSourcesBuildPhase section */

/* Begin XCBuildConfiguration section */
		E1ACCB38286D17FB0007DDC5 /* Debug */ = {
			isa = XCBuildConfiguration;
			buildSettings = {
				ALWAYS_SEARCH_USER_PATHS = NO;
				CLANG_ANALYZER_NONNULL = YES;
				CLANG_ANALYZER_NUMBER_OBJECT_CONVERSION = YES_AGGRESSIVE;
				CLANG_CXX_LANGUAGE_STANDARD = "gnu++17";
				CLANG_ENABLE_MODULES = YES;
				CLANG_ENABLE_OBJC_ARC = YES;
				CLANG_ENABLE_OBJC_WEAK = YES;
				CLANG_WARN_BLOCK_CAPTURE_AUTORELEASING = YES;
				CLANG_WARN_BOOL_CONVERSION = YES;
				CLANG_WARN_COMMA = YES;
				CLANG_WARN_CONSTANT_CONVERSION = YES;
				CLANG_WARN_DEPRECATED_OBJC_IMPLEMENTATIONS = YES;
				CLANG_WARN_DIRECT_OBJC_ISA_USAGE = YES_ERROR;
				CLANG_WARN_DOCUMENTATION_COMMENTS = YES;
				CLANG_WARN_EMPTY_BODY = YES;
				CLANG_WARN_ENUM_CONVERSION = YES;
				CLANG_WARN_INFINITE_RECURSION = YES;
				CLANG_WARN_INT_CONVERSION = YES;
				CLANG_WARN_NON_LITERAL_NULL_CONVERSION = YES;
				CLANG_WARN_OBJC_IMPLICIT_RETAIN_SELF = YES;
				CLANG_WARN_OBJC_LITERAL_CONVERSION = YES;
				CLANG_WARN_OBJC_ROOT_CLASS = YES_ERROR;
				CLANG_WARN_QUOTED_INCLUDE_IN_FRAMEWORK_HEADER = YES;
				CLANG_WARN_RANGE_LOOP_ANALYSIS = YES;
				CLANG_WARN_STRICT_PROTOTYPES = YES;
				CLANG_WARN_SUSPICIOUS_MOVE = YES;
				CLANG_WARN_UNGUARDED_AVAILABILITY = YES_AGGRESSIVE;
				CLANG_WARN_UNREACHABLE_CODE = YES;
				CLANG_WARN__DUPLICATE_METHOD_MATCH = YES;
				COPY_PHASE_STRIP = NO;
				DEBUG_INFORMATION_FORMAT = dwarf;
				ENABLE_STRICT_OBJC_MSGSEND = YES;
				ENABLE_TESTABILITY = YES;
				GCC_C_LANGUAGE_STANDARD = gnu11;
				GCC_DYNAMIC_NO_PIC = NO;
				GCC_NO_COMMON_BLOCKS = YES;
				GCC_OPTIMIZATION_LEVEL = 0;
				GCC_PREPROCESSOR_DEFINITIONS = (
					"DEBUG=1",
					"$(inherited)",
				);
				GCC_WARN_64_TO_32_BIT_CONVERSION = YES;
				GCC_WARN_ABOUT_RETURN_TYPE = YES_ERROR;
				GCC_WARN_UNDECLARED_SELECTOR = YES;
				GCC_WARN_UNINITIALIZED_AUTOS = YES_AGGRESSIVE;
				GCC_WARN_UNUSED_FUNCTION = YES;
				GCC_WARN_UNUSED_VARIABLE = YES;
				IPHONEOS_DEPLOYMENT_TARGET = 15.5;
				MTL_ENABLE_DEBUG_INFO = INCLUDE_SOURCE;
				MTL_FAST_MATH = YES;
				ONLY_ACTIVE_ARCH = YES;
				SDKROOT = iphoneos;
				SWIFT_ACTIVE_COMPILATION_CONDITIONS = DEBUG;
				SWIFT_OPTIMIZATION_LEVEL = "-Onone";
			};
			name = Debug;
		};
		E1ACCB39286D17FB0007DDC5 /* Release */ = {
			isa = XCBuildConfiguration;
			buildSettings = {
				ALWAYS_SEARCH_USER_PATHS = NO;
				CLANG_ANALYZER_NONNULL = YES;
				CLANG_ANALYZER_NUMBER_OBJECT_CONVERSION = YES_AGGRESSIVE;
				CLANG_CXX_LANGUAGE_STANDARD = "gnu++17";
				CLANG_ENABLE_MODULES = YES;
				CLANG_ENABLE_OBJC_ARC = YES;
				CLANG_ENABLE_OBJC_WEAK = YES;
				CLANG_WARN_BLOCK_CAPTURE_AUTORELEASING = YES;
				CLANG_WARN_BOOL_CONVERSION = YES;
				CLANG_WARN_COMMA = YES;
				CLANG_WARN_CONSTANT_CONVERSION = YES;
				CLANG_WARN_DEPRECATED_OBJC_IMPLEMENTATIONS = YES;
				CLANG_WARN_DIRECT_OBJC_ISA_USAGE = YES_ERROR;
				CLANG_WARN_DOCUMENTATION_COMMENTS = YES;
				CLANG_WARN_EMPTY_BODY = YES;
				CLANG_WARN_ENUM_CONVERSION = YES;
				CLANG_WARN_INFINITE_RECURSION = YES;
				CLANG_WARN_INT_CONVERSION = YES;
				CLANG_WARN_NON_LITERAL_NULL_CONVERSION = YES;
				CLANG_WARN_OBJC_IMPLICIT_RETAIN_SELF = YES;
				CLANG_WARN_OBJC_LITERAL_CONVERSION = YES;
				CLANG_WARN_OBJC_ROOT_CLASS = YES_ERROR;
				CLANG_WARN_QUOTED_INCLUDE_IN_FRAMEWORK_HEADER = YES;
				CLANG_WARN_RANGE_LOOP_ANALYSIS = YES;
				CLANG_WARN_STRICT_PROTOTYPES = YES;
				CLANG_WARN_SUSPICIOUS_MOVE = YES;
				CLANG_WARN_UNGUARDED_AVAILABILITY = YES_AGGRESSIVE;
				CLANG_WARN_UNREACHABLE_CODE = YES;
				CLANG_WARN__DUPLICATE_METHOD_MATCH = YES;
				COPY_PHASE_STRIP = NO;
				DEBUG_INFORMATION_FORMAT = "dwarf-with-dsym";
				ENABLE_NS_ASSERTIONS = NO;
				ENABLE_STRICT_OBJC_MSGSEND = YES;
				GCC_C_LANGUAGE_STANDARD = gnu11;
				GCC_NO_COMMON_BLOCKS = YES;
				GCC_WARN_64_TO_32_BIT_CONVERSION = YES;
				GCC_WARN_ABOUT_RETURN_TYPE = YES_ERROR;
				GCC_WARN_UNDECLARED_SELECTOR = YES;
				GCC_WARN_UNINITIALIZED_AUTOS = YES_AGGRESSIVE;
				GCC_WARN_UNUSED_FUNCTION = YES;
				GCC_WARN_UNUSED_VARIABLE = YES;
				IPHONEOS_DEPLOYMENT_TARGET = 15.5;
				MTL_ENABLE_DEBUG_INFO = NO;
				MTL_FAST_MATH = YES;
				SDKROOT = iphoneos;
				SWIFT_COMPILATION_MODE = wholemodule;
				SWIFT_OPTIMIZATION_LEVEL = "-O";
				VALIDATE_PRODUCT = YES;
			};
			name = Release;
		};
		E1ACCB3B286D17FB0007DDC5 /* Debug */ = {
			isa = XCBuildConfiguration;
			buildSettings = {
				ASSETCATALOG_COMPILER_APPICON_NAME = AppIcon;
				ASSETCATALOG_COMPILER_GLOBAL_ACCENT_COLOR_NAME = AccentColor;
				CODE_SIGN_STYLE = Automatic;
				CURRENT_PROJECT_VERSION = 1;
				DEVELOPMENT_ASSET_PATHS = "\"projetoCarro/Preview Content\"";
				DEVELOPMENT_TEAM = 4DLN7FPJ74;
				ENABLE_PREVIEWS = YES;
				GENERATE_INFOPLIST_FILE = YES;
				INFOPLIST_FILE = projetoCarro/Info.plist;
				INFOPLIST_KEY_UIApplicationSupportsIndirectInputEvents = YES;
				INFOPLIST_KEY_UILaunchScreen_Generation = YES;
				INFOPLIST_KEY_UISupportedInterfaceOrientations_iPad = "UIInterfaceOrientationPortrait UIInterfaceOrientationPortraitUpsideDown UIInterfaceOrientationPortrait UIInterfaceOrientationPortrait";
				INFOPLIST_KEY_UISupportedInterfaceOrientations_iPhone = "UIInterfaceOrientationPortrait UIInterfaceOrientationLandscapeRight UIInterfaceOrientationLandscapeLeft";
				LD_RUNPATH_SEARCH_PATHS = (
					"$(inherited)",
					"@executable_path/Frameworks",
				);
				MARKETING_VERSION = 1.0;
				PRODUCT_BUNDLE_IDENTIFIER = com.rgeiss.projetoCarro;
				PRODUCT_NAME = "$(TARGET_NAME)";
				SWIFT_EMIT_LOC_STRINGS = YES;
				SWIFT_VERSION = 5.0;
				TARGETED_DEVICE_FAMILY = 1;
			};
			name = Debug;
		};
		E1ACCB3C286D17FB0007DDC5 /* Release */ = {
			isa = XCBuildConfiguration;
			buildSettings = {
				ASSETCATALOG_COMPILER_APPICON_NAME = AppIcon;
				ASSETCATALOG_COMPILER_GLOBAL_ACCENT_COLOR_NAME = AccentColor;
				CODE_SIGN_STYLE = Automatic;
				CURRENT_PROJECT_VERSION = 1;
				DEVELOPMENT_ASSET_PATHS = "\"projetoCarro/Preview Content\"";
				DEVELOPMENT_TEAM = 4DLN7FPJ74;
				ENABLE_PREVIEWS = YES;
				GENERATE_INFOPLIST_FILE = YES;
				INFOPLIST_FILE = projetoCarro/Info.plist;
				INFOPLIST_KEY_UIApplicationSupportsIndirectInputEvents = YES;
				INFOPLIST_KEY_UILaunchScreen_Generation = YES;
				INFOPLIST_KEY_UISupportedInterfaceOrientations_iPad = "UIInterfaceOrientationPortrait UIInterfaceOrientationPortraitUpsideDown UIInterfaceOrientationPortrait UIInterfaceOrientationPortrait";
				INFOPLIST_KEY_UISupportedInterfaceOrientations_iPhone = "UIInterfaceOrientationPortrait UIInterfaceOrientationLandscapeRight UIInterfaceOrientationLandscapeLeft";
				LD_RUNPATH_SEARCH_PATHS = (
					"$(inherited)",
					"@executable_path/Frameworks",
				);
				MARKETING_VERSION = 1.0;
				PRODUCT_BUNDLE_IDENTIFIER = com.rgeiss.projetoCarro;
				PRODUCT_NAME = "$(TARGET_NAME)";
				SWIFT_EMIT_LOC_STRINGS = YES;
				SWIFT_VERSION = 5.0;
				TARGETED_DEVICE_FAMILY = 1;
			};
			name = Release;
		};
/* End XCBuildConfiguration section */

/* Begin XCConfigurationList section */
		E1ACCB27286D17F60007DDC5 /* Build configuration list for PBXProject "projetoCarro" */ = {
			isa = XCConfigurationList;
			buildConfigurations = (
				E1ACCB38286D17FB0007DDC5 /* Debug */,
				E1ACCB39286D17FB0007DDC5 /* Release */,
			);
			defaultConfigurationIsVisible = 0;
			defaultConfigurationName = Release;
		};
		E1ACCB3A286D17FB0007DDC5 /* Build configuration list for PBXNativeTarget "projetoCarro" */ = {
			isa = XCConfigurationList;
			buildConfigurations = (
				E1ACCB3B286D17FB0007DDC5 /* Debug */,
				E1ACCB3C286D17FB0007DDC5 /* Release */,
			);
			defaultConfigurationIsVisible = 0;
			defaultConfigurationName = Release;
		};
/* End XCConfigurationList section */

/* Begin XCRemoteSwiftPackageReference section */
		E172B3C5287CF28D00C2D4A3 /* XCRemoteSwiftPackageReference "swiftui-navigation-stack" */ = {
			isa = XCRemoteSwiftPackageReference;
			repositoryURL = "https://github.com/matteopuc/swiftui-navigation-stack";
			requirement = {
				kind = upToNextMajorVersion;
				minimumVersion = 1.0.0;
			};
		};
		E18013FF287E42DE0021AE2A /* XCRemoteSwiftPackageReference "SwiftUIFormValidator" */ = {
			isa = XCRemoteSwiftPackageReference;
			repositoryURL = "https://github.com/ShabanKamell/SwiftUIFormValidator.git";
			requirement = {
				kind = upToNextMajorVersion;
				minimumVersion = 0.9.0;
			};
		};
		E185BDD12883133A00352EEC /* XCRemoteSwiftPackageReference "SwiftUIFormValidator" */ = {
			isa = XCRemoteSwiftPackageReference;
			repositoryURL = "https://github.com/ShabanKamell/SwiftUIFormValidator";
			requirement = {
				kind = upToNextMajorVersion;
				minimumVersion = 0.9.0;
			};
		};
/* End XCRemoteSwiftPackageReference section */

/* Begin XCSwiftPackageProductDependency section */
		E172B3C6287CF28D00C2D4A3 /* NavigationStack */ = {
			isa = XCSwiftPackageProductDependency;
			package = E172B3C5287CF28D00C2D4A3 /* XCRemoteSwiftPackageReference "swiftui-navigation-stack" */;
			productName = NavigationStack;
		};
		E1801400287E42DE0021AE2A /* FormValidator */ = {
			isa = XCSwiftPackageProductDependency;
			package = E18013FF287E42DE0021AE2A /* XCRemoteSwiftPackageReference "SwiftUIFormValidator" */;
			productName = FormValidator;
		};
		E185BDD22883133A00352EEC /* FormValidator */ = {
			isa = XCSwiftPackageProductDependency;
			package = E185BDD12883133A00352EEC /* XCRemoteSwiftPackageReference "SwiftUIFormValidator" */;
			productName = FormValidator;
		};
/* End XCSwiftPackageProductDependency section */

/* Begin XCVersionGroup section */
		E151C2762888C6C500F03BE7 /* Abastecimento.xcdatamodeld */ = {
			isa = XCVersionGroup;
			children = (
				E151C2772888C6C500F03BE7 /* Abastecimento.xcdatamodel */,
			);
			currentVersion = E151C2772888C6C500F03BE7 /* Abastecimento.xcdatamodel */;
			path = Abastecimento.xcdatamodeld;
			sourceTree = "<group>";
			versionGroupType = wrapper.xcdatamodel;
		};
/* End XCVersionGroup section */
	};
	rootObject = E1ACCB24286D17F60007DDC5 /* Project object */;
}
