{
  "pins" : [
    {
      "identity" : "alamofire",
      "kind" : "remoteSourceControl",
      "location" : "https://github.com/Alamofire/Alamofire.git",
      "state" : {
        "revision" : "78424be314842833c04bc3bef5b72e85fff99204",
        "version" : "5.6.4"
      }
    },
    {
      "identity" : "swift-error-handler",
      "kind" : "remoteSourceControl",
      "location" : "https://github.com/Workable/swift-error-handler.git",
      "state" : {
        "revision" : "783c888b50067ef543e5d0358f7dc42897072823",
        "version" : "0.8.4"
      }
    },
    {
      "identity" : "swiftui-navigation-stack",
      "kind" : "remoteSourceControl",
      "location" : "https://github.com/matteopuc/swiftui-navigation-stack",
      "state" : {
        "revision" : "bc6a8188a937e5da34d07117092131292f9ad9e8",
        "version" : "1.0.5"
      }
    },
    {
      "identity" : "swiftuiformvalidator",
      "kind" : "remoteSourceControl",
      "location" : "https://github.com/ShabanKamell/SwiftUIFormValidator",
      "state" : {
        "revision" : "187876a1fc41766c4d166ddcd5c5a08212ca3549",
        "version" : "0.19.2"
      }
    }
  ],
  "version" : 2
}
